
Microsoft Visual Studio Solution File, Format Version 12.00
# Visual Studio Version 17
VisualStudioVersion = 17.5.33103.201
MinimumVisualStudioVersion = 10.0.40219.1
Project("{9A19103F-16F7-4668-BE54-9A1E7A4F7556}") = "SpawnDev.BlazorJS.Test", "SpawnDev.BlazorJS.Test\SpawnDev.BlazorJS.Test.csproj", "{CEC868CE-CF85-423F-A566-CE875EF8AEAD}"
EndProject
Project("{9A19103F-16F7-4668-BE54-9A1E7A4F7556}") = "SpawnDev.BlazorJS", "SpawnDev.BlazorJS\SpawnDev.BlazorJS.csproj", "{085BD3B9-2F11-4BD0-9072-217D2A3C9150}"
EndProject
Project("{9A19103F-16F7-4668-BE54-9A1E7A4F7556}") = "SpawnDev.BlazorJS.WebWorkers", "SpawnDev.BlazorJS.WebWorkers\SpawnDev.BlazorJS.WebWorkers.csproj", "{6D4CCD8D-47E3-47CA-B583-08DAF6D911F3}"
EndProject
Project("{9A19103F-16F7-4668-BE54-9A1E7A4F7556}") = "SpawnDev.BlazorJS.OpenCVSharp4", "SpawnDev.BlazorJS.OpenCVSharp4\SpawnDev.BlazorJS.OpenCVSharp4.csproj", "{A91D1E89-19A8-4D0B-A049-B9E4F065A96F}"
EndProject
Project("{9A19103F-16F7-4668-BE54-9A1E7A4F7556}") = "SpawnDev.BlazorJS.OpenCVJS", "SpawnDev.BlazorJS.OpenCVJS\SpawnDev.BlazorJS.OpenCVJS.csproj", "{03EF79FE-C590-487C-83A7-8798D47D4E65}"
EndProject
Project("{9A19103F-16F7-4668-BE54-9A1E7A4F7556}") = "SpawnDev.BlazorJS.ServiceWorkerFS", "SpawnDev.BlazorJS.ServiceWorkerFS\SpawnDev.BlazorJS.ServiceWorkerFS.csproj", "{A9033281-AE94-4EE5-A6EB-E58316A4B016}"
EndProject
Project("{9A19103F-16F7-4668-BE54-9A1E7A4F7556}") = "SpawnDev.BlazorJS.WebTorrents", "SpawnDev.BlazorJS.WebTorrents\SpawnDev.BlazorJS.WebTorrents.csproj", "{F78D0303-A3FB-432C-A71B-C571B34B03E0}"
EndProject
Project("{FAE04EC0-301F-11D3-BF4B-00C04F79EFBC}") = "SpawnDev.BlazorJS.FaceAPI", "SpawnDev.BlazorJS.FaceAPI\SpawnDev.BlazorJS.FaceAPI.csproj", "{6562BC03-CDEF-4331-9E40-747B34AAE78C}"
EndProject
Global
	GlobalSection(SolutionConfigurationPlatforms) = preSolution
		Debug|Any CPU = Debug|Any CPU
		Release|Any CPU = Release|Any CPU
	EndGlobalSection
	GlobalSection(ProjectConfigurationPlatforms) = postSolution
		{CEC868CE-CF85-423F-A566-CE875EF8AEAD}.Debug|Any CPU.ActiveCfg = Debug|Any CPU
		{CEC868CE-CF85-423F-A566-CE875EF8AEAD}.Debug|Any CPU.Build.0 = Debug|Any CPU
		{CEC868CE-CF85-423F-A566-CE875EF8AEAD}.Release|Any CPU.ActiveCfg = Release|Any CPU
		{CEC868CE-CF85-423F-A566-CE875EF8AEAD}.Release|Any CPU.Build.0 = Release|Any CPU
		{085BD3B9-2F11-4BD0-9072-217D2A3C9150}.Debug|Any CPU.ActiveCfg = Debug|Any CPU
		{085BD3B9-2F11-4BD0-9072-217D2A3C9150}.Debug|Any CPU.Build.0 = Debug|Any CPU
		{085BD3B9-2F11-4BD0-9072-217D2A3C9150}.Release|Any CPU.ActiveCfg = Release|Any CPU
		{085BD3B9-2F11-4BD0-9072-217D2A3C9150}.Release|Any CPU.Build.0 = Release|Any CPU
		{6D4CCD8D-47E3-47CA-B583-08DAF6D911F3}.Debug|Any CPU.ActiveCfg = Debug|Any CPU
		{6D4CCD8D-47E3-47CA-B583-08DAF6D911F3}.Debug|Any CPU.Build.0 = Debug|Any CPU
		{6D4CCD8D-47E3-47CA-B583-08DAF6D911F3}.Release|Any CPU.ActiveCfg = Release|Any CPU
		{6D4CCD8D-47E3-47CA-B583-08DAF6D911F3}.Release|Any CPU.Build.0 = Release|Any CPU
		{A91D1E89-19A8-4D0B-A049-B9E4F065A96F}.Debug|Any CPU.ActiveCfg = Debug|Any CPU
		{A91D1E89-19A8-4D0B-A049-B9E4F065A96F}.Debug|Any CPU.Build.0 = Debug|Any CPU
		{A91D1E89-19A8-4D0B-A049-B9E4F065A96F}.Release|Any CPU.ActiveCfg = Release|Any CPU
		{A91D1E89-19A8-4D0B-A049-B9E4F065A96F}.Release|Any CPU.Build.0 = Release|Any CPU
		{03EF79FE-C590-487C-83A7-8798D47D4E65}.Debug|Any CPU.ActiveCfg = Debug|Any CPU
		{03EF79FE-C590-487C-83A7-8798D47D4E65}.Debug|Any CPU.Build.0 = Debug|Any CPU
		{03EF79FE-C590-487C-83A7-8798D47D4E65}.Release|Any CPU.ActiveCfg = Release|Any CPU
		{03EF79FE-C590-487C-83A7-8798D47D4E65}.Release|Any CPU.Build.0 = Release|Any CPU
		{A9033281-AE94-4EE5-A6EB-E58316A4B016}.Debug|Any CPU.ActiveCfg = Debug|Any CPU
		{A9033281-AE94-4EE5-A6EB-E58316A4B016}.Debug|Any CPU.Build.0 = Debug|Any CPU
		{A9033281-AE94-4EE5-A6EB-E58316A4B016}.Release|Any CPU.ActiveCfg = Release|Any CPU
		{A9033281-AE94-4EE5-A6EB-E58316A4B016}.Release|Any CPU.Build.0 = Release|Any CPU
		{F78D0303-A3FB-432C-A71B-C571B34B03E0}.Debug|Any CPU.ActiveCfg = Debug|Any CPU
		{F78D0303-A3FB-432C-A71B-C571B34B03E0}.Debug|Any CPU.Build.0 = Debug|Any CPU
		{F78D0303-A3FB-432C-A71B-C571B34B03E0}.Release|Any CPU.ActiveCfg = Release|Any CPU
		{F78D0303-A3FB-432C-A71B-C571B34B03E0}.Release|Any CPU.Build.0 = Release|Any CPU
		{6562BC03-CDEF-4331-9E40-747B34AAE78C}.Debug|Any CPU.ActiveCfg = Debug|Any CPU
		{6562BC03-CDEF-4331-9E40-747B34AAE78C}.Debug|Any CPU.Build.0 = Debug|Any CPU
		{6562BC03-CDEF-4331-9E40-747B34AAE78C}.Release|Any CPU.ActiveCfg = Release|Any CPU
		{6562BC03-CDEF-4331-9E40-747B34AAE78C}.Release|Any CPU.Build.0 = Release|Any CPU
	EndGlobalSection
	GlobalSection(SolutionProperties) = preSolution
		HideSolutionNode = FALSE
	EndGlobalSection
	GlobalSection(ExtensibilityGlobals) = postSolution
		SolutionGuid = {37550DB9-9318-4A5D-B04A-0F3C420142FD}
	EndGlobalSection
EndGlobal
